<Solution>
    <Folder Name="/Solution Items/">
        <File Path="README.md"/>
    </Folder>
    <Project Path="NetStone.Api.Sdk.Test\NetStone.Api.Sdk.Test.csproj" Type="Classic C#"/>
    <Project Path="NetStone.Api.Sdk\NetStone.Api.Sdk.csproj" Type="Classic C#"/>
    <Project Path="NetStone.Common\NetStone.Common\NetStone.Common.csproj" Type="Classic C#"/>
</Solution>